
Microsoft Visual Studio Solution File, Format Version 12.00
# Visual Studio Version 17
VisualStudioVersion = 17.11.35312.102
MinimumVisualStudioVersion = 10.0.40219.1
Project("{FAE04EC0-301F-11D3-BF4B-00C04F79EFBC}") = "ApiAggregationProject.Api", "ApiAggregation\ApiAggregationProject.Api.csproj", "{DC8C0051-C998-4D1C-B339-B222DEAC09FB}"
EndProject
Project("{FAE04EC0-301F-11D3-BF4B-00C04F79EFBC}") = "ApiAggregationProject.Tests", "ApiAggregationProject.Tests\ApiAggregationProject.Tests.csproj", "{11350DCC-2756-431E-8AD2-2B6A7BE8E087}"
EndProject
Global
	GlobalSection(SolutionConfigurationPlatforms) = preSolution
		Debug|Any CPU = Debug|Any CPU
		Release|Any CPU = Release|Any CPU
	EndGlobalSection
	GlobalSection(ProjectConfigurationPlatforms) = postSolution
		{DC8C0051-C998-4D1C-B339-B222DEAC09FB}.Debug|Any CPU.ActiveCfg = Debug|Any CPU
		{DC8C0051-C998-4D1C-B339-B222DEAC09FB}.Debug|Any CPU.Build.0 = Debug|Any CPU
		{DC8C0051-C998-4D1C-B339-B222DEAC09FB}.Release|Any CPU.ActiveCfg = Release|Any CPU
		{DC8C0051-C998-4D1C-B339-B222DEAC09FB}.Release|Any CPU.Build.0 = Release|Any CPU
		{11350DCC-2756-431E-8AD2-2B6A7BE8E087}.Debug|Any CPU.ActiveCfg = Debug|Any CPU
		{11350DCC-2756-431E-8AD2-2B6A7BE8E087}.Debug|Any CPU.Build.0 = Debug|Any CPU
		{11350DCC-2756-431E-8AD2-2B6A7BE8E087}.Release|Any CPU.ActiveCfg = Release|Any CPU
		{11350DCC-2756-431E-8AD2-2B6A7BE8E087}.Release|Any CPU.Build.0 = Release|Any CPU
	EndGlobalSection
	GlobalSection(SolutionProperties) = preSolution
		HideSolutionNode = FALSE
	EndGlobalSection
	GlobalSection(ExtensibilityGlobals) = postSolution
		SolutionGuid = {D5ACECDE-C4ED-40AA-B9C4-5BE0568A6577}
	EndGlobalSection
EndGlobal
